{
  "originHash" : "ff66b638bfa4affe52c22fefe63142e19bb3e4906ccaf5e7b2e8489bbdfe3e69",
  "pins" : [
    {
      "identity" : "swift-argument-parser",
      "kind" : "remoteSourceControl",
      "location" : "https://github.com/apple/swift-argument-parser",
      "state" : {
        "revision" : "6a52f3251125d74daf04fcbd5e6f08a75d074382",
        "version" : "1.8.2"
      }
    },
    {
      "identity" : "swiftterm",
      "kind" : "remoteSourceControl",
      "location" : "https://github.com/qiuye97/SwiftTerm.git",
      "state" : {
        "revision" : "b96fa9c37f0a78c7ddc23b298f1600753bfbfb72"
      }
    }
  ],
  "version" : 3
}
